Microsoft Visual Studio Solution File, Format Version 12.00
# Visual Studio Version 17
VisualStudioVersion = 17.5.2.0
MinimumVisualStudioVersion = 10.0.40219.1
Project("{FAE04EC0-301F-11D3-BF4B-00C04F79EFBC}") = "PhysicsSim", "PhysicsSim.csproj", "{EA323CFB-0BB3-0D9E-A775-81742AC9A4E7}"
EndProject
Global
	GlobalSection(SolutionConfigurationPlatforms) = preSolution
		Debug|Any CPU = Debug|Any CPU
		Release|Any CPU = Release|Any CPU
	EndGlobalSection
	GlobalSection(ProjectConfigurationPlatforms) = postSolution
		{EA323CFB-0BB3-0D9E-A775-81742AC9A4E7}.Debug|Any CPU.ActiveCfg = Debug|Any CPU
		{EA323CFB-0BB3-0D9E-A775-81742AC9A4E7}.Debug|Any CPU.Build.0 = Debug|Any CPU
		{EA323CFB-0BB3-0D9E-A775-81742AC9A4E7}.Release|Any CPU.ActiveCfg = Release|Any CPU
		{EA323CFB-0BB3-0D9E-A775-81742AC9A4E7}.Release|Any CPU.Build.0 = Release|Any CPU
	EndGlobalSection
	GlobalSection(SolutionProperties) = preSolution
		HideSolutionNode = FALSE
	EndGlobalSection
	GlobalSection(ExtensibilityGlobals) = postSolution
		SolutionGuid = {AA037391-B02A-4C3A-9782-92CDEBADF86F}
	EndGlobalSection
EndGlobal
