
Microsoft Visual Studio Solution File, Format Version 12.00
# Visual Studio Version 17
VisualStudioVersion = 17.5.2.0
MinimumVisualStudioVersion = 10.0.40219.1
Project("{FAE04EC0-301F-11D3-BF4B-00C04F79EFBC}") = "PhysicsSim.Console", "PhysicsSim.Console\PhysicsSim.Console.csproj", "{48DE0083-87F0-49FC-9443-22E81711C300}"
EndProject
Project("{FAE04EC0-301F-11D3-BF4B-00C04F79EFBC}") = "PhysicsSim.Core", "PhysicsSim.Core\PhysicsSim.Core.csproj", "{E1828CFA-D298-481E-97C0-0D4B238FE993}"
EndProject
Project("{FAE04EC0-301F-11D3-BF4B-00C04F79EFBC}") = "PhysicsSim.Web", "PhysicsSim.Web\PhysicsSim.Web.csproj", "{5CCB7451-6B92-4699-B13C-B1759B23181F}"
EndProject
Global
	GlobalSection(SolutionConfigurationPlatforms) = preSolution
		Debug|Any CPU = Debug|Any CPU
		Debug|x64 = Debug|x64
		Debug|x86 = Debug|x86
		Release|Any CPU = Release|Any CPU
		Release|x64 = Release|x64
		Release|x86 = Release|x86
	EndGlobalSection
	GlobalSection(ProjectConfigurationPlatforms) = postSolution
		{48DE0083-87F0-49FC-9443-22E81711C300}.Debug|Any CPU.ActiveCfg = Debug|Any CPU
		{48DE0083-87F0-49FC-9443-22E81711C300}.Debug|Any CPU.Build.0 = Debug|Any CPU
		{48DE0083-87F0-49FC-9443-22E81711C300}.Debug|x64.ActiveCfg = Debug|Any CPU
		{48DE0083-87F0-49FC-9443-22E81711C300}.Debug|x64.Build.0 = Debug|Any CPU
		{48DE0083-87F0-49FC-9443-22E81711C300}.Debug|x86.ActiveCfg = Debug|Any CPU
		{48DE0083-87F0-49FC-9443-22E81711C300}.Debug|x86.Build.0 = Debug|Any CPU
		{48DE0083-87F0-49FC-9443-22E81711C300}.Release|Any CPU.ActiveCfg = Release|Any CPU
		{48DE0083-87F0-49FC-9443-22E81711C300}.Release|Any CPU.Build.0 = Release|Any CPU
		{48DE0083-87F0-49FC-9443-22E81711C300}.Release|x64.ActiveCfg = Release|Any CPU
		{48DE0083-87F0-49FC-9443-22E81711C300}.Release|x64.Build.0 = Release|Any CPU
		{48DE0083-87F0-49FC-9443-22E81711C300}.Release|x86.ActiveCfg = Release|Any CPU
		{48DE0083-87F0-49FC-9443-22E81711C300}.Release|x86.Build.0 = Release|Any CPU
		{E1828CFA-D298-481E-97C0-0D4B238FE993}.Debug|Any CPU.ActiveCfg = Debug|Any CPU
		{E1828CFA-D298-481E-97C0-0D4B238FE993}.Debug|Any CPU.Build.0 = Debug|Any CPU
		{E1828CFA-D298-481E-97C0-0D4B238FE993}.Debug|x64.ActiveCfg = Debug|Any CPU
		{E1828CFA-D298-481E-97C0-0D4B238FE993}.Debug|x64.Build.0 = Debug|Any CPU
		{E1828CFA-D298-481E-97C0-0D4B238FE993}.Debug|x86.ActiveCfg = Debug|Any CPU
		{E1828CFA-D298-481E-97C0-0D4B238FE993}.Debug|x86.Build.0 = Debug|Any CPU
		{E1828CFA-D298-481E-97C0-0D4B238FE993}.Release|Any CPU.ActiveCfg = Release|Any CPU
		{E1828CFA-D298-481E-97C0-0D4B238FE993}.Release|Any CPU.Build.0 = Release|Any CPU
		{E1828CFA-D298-481E-97C0-0D4B238FE993}.Release|x64.ActiveCfg = Release|Any CPU
		{E1828CFA-D298-481E-97C0-0D4B238FE993}.Release|x64.Build.0 = Release|Any CPU
		{E1828CFA-D298-481E-97C0-0D4B238FE993}.Release|x86.ActiveCfg = Release|Any CPU
		{E1828CFA-D298-481E-97C0-0D4B238FE993}.Release|x86.Build.0 = Release|Any CPU
		{5CCB7451-6B92-4699-B13C-B1759B23181F}.Debug|Any CPU.ActiveCfg = Debug|Any CPU
		{5CCB7451-6B92-4699-B13C-B1759B23181F}.Debug|Any CPU.Build.0 = Debug|Any CPU
		{5CCB7451-6B92-4699-B13C-B1759B23181F}.Debug|x64.ActiveCfg = Debug|Any CPU
		{5CCB7451-6B92-4699-B13C-B1759B23181F}.Debug|x64.Build.0 = Debug|Any CPU
		{5CCB7451-6B92-4699-B13C-B1759B23181F}.Debug|x86.ActiveCfg = Debug|Any CPU
		{5CCB7451-6B92-4699-B13C-B1759B23181F}.Debug|x86.Build.0 = Debug|Any CPU
		{5CCB7451-6B92-4699-B13C-B1759B23181F}.Release|Any CPU.ActiveCfg = Release|Any CPU
		{5CCB7451-6B92-4699-B13C-B1759B23181F}.Release|Any CPU.Build.0 = Release|Any CPU
		{5CCB7451-6B92-4699-B13C-B1759B23181F}.Release|x64.ActiveCfg = Release|Any CPU
		{5CCB7451-6B92-4699-B13C-B1759B23181F}.Release|x64.Build.0 = Release|Any CPU
		{5CCB7451-6B92-4699-B13C-B1759B23181F}.Release|x86.ActiveCfg = Release|Any CPU
		{5CCB7451-6B92-4699-B13C-B1759B23181F}.Release|x86.Build.0 = Release|Any CPU
	EndGlobalSection
	GlobalSection(SolutionProperties) = preSolution
		HideSolutionNode = FALSE
	EndGlobalSection
	GlobalSection(ExtensibilityGlobals) = postSolution
		SolutionGuid = {AA037391-B02A-4C3A-9782-92CDEBADF86F}
	EndGlobalSection
EndGlobal
